
Microsoft Visual Studio Solution File, Format Version 12.00
Project("{FAE04EC0-301F-11D3-BF4B-00C04F79EFBC}") = "Lesson2", "Lesson2\Lesson2.csproj", "{3645FD0F-BC32-4C62-8EE0-70BBBAF5B025}"
EndProject
Project("{FAE04EC0-301F-11D3-BF4B-00C04F79EFBC}") = "Tests", "Tests\Tests.csproj", "{C7077346-3193-43E8-BB01-D6A25F100FB5}"
EndProject
Project("{FAE04EC0-301F-11D3-BF4B-00C04F79EFBC}") = "Lesson3", "Lesson3\Lesson3.csproj", "{42020C83-C6F2-4141-BEBA-9A64442A6C17}"
EndProject
Project("{FAE04EC0-301F-11D3-BF4B-00C04F79EFBC}") = "Lesson4", "Lesson4\Lesson4.csproj", "{22217290-9E52-46EC-AC7A-7D4D49977DD0}"
EndProject


Project("{FAE04EC0-301F-11D3-BF4B-00C04F79EFBC}") = "Lesson5", "Lesson5\Lesson5.csproj", "{744235CA-0493-4830-84A3-8B0025AA8E81}"

EndProject

Project("{2150E333-8FDC-42A3-9474-1A3956D46DE8}") = "Lesson7", "Lesson7", "{5B1981CB-A4D8-4C6C-B438-6811F0D829A5}"
EndProject
Project("{FAE04EC0-301F-11D3-BF4B-00C04F79EFBC}") = "FileConcatenation", "Lesson7\FileConcatenation\FileConcatenation.csproj", "{F6F83CF9-236E-48E4-A006-AFE81AB188C6}"
EndProject
Project("{FAE04EC0-301F-11D3-BF4B-00C04F79EFBC}") = "GetRoots", "Lesson7\GetRoots\GetRoots.csproj", "{D6402AE6-E45D-4BAB-84D0-C36B1C9E53D5}"

EndProject
Global
	GlobalSection(SolutionConfigurationPlatforms) = preSolution
		Debug|Any CPU = Debug|Any CPU
		Release|Any CPU = Release|Any CPU
	EndGlobalSection
	GlobalSection(ProjectConfigurationPlatforms) = postSolution
		{3645FD0F-BC32-4C62-8EE0-70BBBAF5B025}.Debug|Any CPU.ActiveCfg = Debug|Any CPU
		{3645FD0F-BC32-4C62-8EE0-70BBBAF5B025}.Debug|Any CPU.Build.0 = Debug|Any CPU
		{3645FD0F-BC32-4C62-8EE0-70BBBAF5B025}.Release|Any CPU.ActiveCfg = Release|Any CPU
		{3645FD0F-BC32-4C62-8EE0-70BBBAF5B025}.Release|Any CPU.Build.0 = Release|Any CPU
		{C7077346-3193-43E8-BB01-D6A25F100FB5}.Debug|Any CPU.ActiveCfg = Debug|Any CPU
		{C7077346-3193-43E8-BB01-D6A25F100FB5}.Debug|Any CPU.Build.0 = Debug|Any CPU
		{C7077346-3193-43E8-BB01-D6A25F100FB5}.Release|Any CPU.ActiveCfg = Release|Any CPU
		{C7077346-3193-43E8-BB01-D6A25F100FB5}.Release|Any CPU.Build.0 = Release|Any CPU
		{42020C83-C6F2-4141-BEBA-9A64442A6C17}.Debug|Any CPU.ActiveCfg = Debug|Any CPU
		{42020C83-C6F2-4141-BEBA-9A64442A6C17}.Debug|Any CPU.Build.0 = Debug|Any CPU
		{42020C83-C6F2-4141-BEBA-9A64442A6C17}.Release|Any CPU.ActiveCfg = Release|Any CPU
		{42020C83-C6F2-4141-BEBA-9A64442A6C17}.Release|Any CPU.Build.0 = Release|Any CPU
		{22217290-9E52-46EC-AC7A-7D4D49977DD0}.Debug|Any CPU.ActiveCfg = Debug|Any CPU
		{22217290-9E52-46EC-AC7A-7D4D49977DD0}.Debug|Any CPU.Build.0 = Debug|Any CPU
		{22217290-9E52-46EC-AC7A-7D4D49977DD0}.Release|Any CPU.ActiveCfg = Release|Any CPU
		{22217290-9E52-46EC-AC7A-7D4D49977DD0}.Release|Any CPU.Build.0 = Release|Any CPU

		{744235CA-0493-4830-84A3-8B0025AA8E81}.Debug|Any CPU.ActiveCfg = Debug|Any CPU
		{744235CA-0493-4830-84A3-8B0025AA8E81}.Debug|Any CPU.Build.0 = Debug|Any CPU
		{744235CA-0493-4830-84A3-8B0025AA8E81}.Release|Any CPU.ActiveCfg = Release|Any CPU
		{744235CA-0493-4830-84A3-8B0025AA8E81}.Release|Any CPU.Build.0 = Release|Any CPU


		{F6F83CF9-236E-48E4-A006-AFE81AB188C6}.Debug|Any CPU.ActiveCfg = Debug|Any CPU
		{F6F83CF9-236E-48E4-A006-AFE81AB188C6}.Debug|Any CPU.Build.0 = Debug|Any CPU
		{F6F83CF9-236E-48E4-A006-AFE81AB188C6}.Release|Any CPU.ActiveCfg = Release|Any CPU
		{F6F83CF9-236E-48E4-A006-AFE81AB188C6}.Release|Any CPU.Build.0 = Release|Any CPU
		{D6402AE6-E45D-4BAB-84D0-C36B1C9E53D5}.Debug|Any CPU.ActiveCfg = Debug|Any CPU
		{D6402AE6-E45D-4BAB-84D0-C36B1C9E53D5}.Debug|Any CPU.Build.0 = Debug|Any CPU
		{D6402AE6-E45D-4BAB-84D0-C36B1C9E53D5}.Release|Any CPU.ActiveCfg = Release|Any CPU
		{D6402AE6-E45D-4BAB-84D0-C36B1C9E53D5}.Release|Any CPU.Build.0 = Release|Any CPU
	EndGlobalSection
	GlobalSection(NestedProjects) = preSolution
		{F6F83CF9-236E-48E4-A006-AFE81AB188C6} = {5B1981CB-A4D8-4C6C-B438-6811F0D829A5}
		{D6402AE6-E45D-4BAB-84D0-C36B1C9E53D5} = {5B1981CB-A4D8-4C6C-B438-6811F0D829A5}

	EndGlobalSection
EndGlobal
